
Microsoft Visual Studio Solution File, Format Version 12.00
# Visual Studio 2012
Project("{CC5FD16D-436D-48AD-A40C-5A424C6E3E79}") = "LearnWindowsAzure", "LearnWindowsAzure\LearnWindowsAzure.ccproj", "{8FA59531-7022-4DEA-BBE7-CAB49245D00D}"
EndProject
Project("{FAE04EC0-301F-11D3-BF4B-00C04F79EFBC}") = "LearnWebRole", "LearnWebRole\LearnWebRole.csproj", "{56D37196-D45F-493F-B740-128234A0D5D0}"
EndProject
Global
	GlobalSection(SolutionConfigurationPlatforms) = preSolution
		Debug|Any CPU = Debug|Any CPU
		Release|Any CPU = Release|Any CPU
	EndGlobalSection
	GlobalSection(ProjectConfigurationPlatforms) = postSolution
		{8FA59531-7022-4DEA-BBE7-CAB49245D00D}.Debug|Any CPU.ActiveCfg = Debug|Any CPU
		{8FA59531-7022-4DEA-BBE7-CAB49245D00D}.Debug|Any CPU.Build.0 = Debug|Any CPU
		{8FA59531-7022-4DEA-BBE7-CAB49245D00D}.Release|Any CPU.ActiveCfg = Release|Any CPU
		{8FA59531-7022-4DEA-BBE7-CAB49245D00D}.Release|Any CPU.Build.0 = Release|Any CPU
		{56D37196-D45F-493F-B740-128234A0D5D0}.Debug|Any CPU.ActiveCfg = Debug|Any CPU
		{56D37196-D45F-493F-B740-128234A0D5D0}.Debug|Any CPU.Build.0 = Debug|Any CPU
		{56D37196-D45F-493F-B740-128234A0D5D0}.Release|Any CPU.ActiveCfg = Release|Any CPU
		{56D37196-D45F-493F-B740-128234A0D5D0}.Release|Any CPU.Build.0 = Release|Any CPU
	EndGlobalSection
	GlobalSection(SolutionProperties) = preSolution
		HideSolutionNode = FALSE
	EndGlobalSection
EndGlobal
