
Microsoft Visual Studio Solution File, Format Version 12.00
# Visual Studio 2012
Project("{2150E333-8FDC-42A3-9474-1A3956D46DE8}") = "1-Sites", "1-Sites", "{09ABE08D-5580-46BE-9F86-7B817D232F9D}"
EndProject
Project("{2150E333-8FDC-42A3-9474-1A3956D46DE8}") = "2-Haystack", "2-Haystack", "{3CA0A024-4EC2-4365-B555-030AAB559113}"
EndProject
Project("{2150E333-8FDC-42A3-9474-1A3956D46DE8}") = "3-Simulators", "3-Simulators", "{7E07873F-9979-4957-B69B-4B5F5E7AC762}"
EndProject
Project("{FAE04EC0-301F-11D3-BF4B-00C04F79EFBC}") = "CollectionsStation", "CollectionsStation\CollectionsStation.csproj", "{2B5B8271-5236-4490-98EC-A457340EB66A}"
EndProject
Project("{FAE04EC0-301F-11D3-BF4B-00C04F79EFBC}") = "TargetingSimulator", "TargetingSimulator\TargetingSimulator.csproj", "{2903C385-450D-4853-9396-2D9B6D40932F}"
EndProject
Project("{FAE04EC0-301F-11D3-BF4B-00C04F79EFBC}") = "ProcessingSimulator", "ProcessingSimulator\ProcessingSimulator.csproj", "{258B23CB-4B10-4181-8FD1-FC9D7DD5C3D1}"
EndProject
Project("{FAE04EC0-301F-11D3-BF4B-00C04F79EFBC}") = "CollectionsLibrary", "CollectionsLibrary\CollectionsLibrary.csproj", "{A9A538F6-B23D-4B55-9763-109C9D27A62F}"
EndProject
Project("{FAE04EC0-301F-11D3-BF4B-00C04F79EFBC}") = "HaystackLibrary", "HaystackLibrary\HaystackLibrary.csproj", "{B97FACA2-E274-4DA5-A985-9EAB5C57418B}"
EndProject
Project("{FAE04EC0-301F-11D3-BF4B-00C04F79EFBC}") = "TapLibarary", "TapLibarary\TapLibarary.csproj", "{AE0732F5-FDFB-4790-9344-F5FE83875393}"
EndProject
Project("{FAE04EC0-301F-11D3-BF4B-00C04F79EFBC}") = "Haystack", "Haystack\Haystack.csproj", "{DE9A6C0D-31D4-4EA4-948C-24D0AAA3C166}"
EndProject
Project("{2150E333-8FDC-42A3-9474-1A3956D46DE8}") = "4-Old", "4-Old", "{145DA206-9320-498C-992A-66907A374E89}"
EndProject
Project("{2150E333-8FDC-42A3-9474-1A3956D46DE8}") = "5-TweetSharp", "5-TweetSharp", "{2869439F-8A73-484A-A8EB-D746C7FBF85E}"
EndProject
Project("{FAE04EC0-301F-11D3-BF4B-00C04F79EFBC}") = "TweetSharp", "..\..\tweetsharp\src\TweetSharp\TweetSharp.csproj", "{10BFAA13-B836-4B37-B2D3-D4FEB3F3C484}"
EndProject
Project("{FAE04EC0-301F-11D3-BF4B-00C04F79EFBC}") = "TwitterSimulator", "TwitterSimulator\TwitterSimulator.csproj", "{D7A33F36-7448-4CE4-A963-38459DCB2FF8}"
EndProject
Global
	GlobalSection(SolutionConfigurationPlatforms) = preSolution
		Debug|Any CPU = Debug|Any CPU
		Release|Any CPU = Release|Any CPU
	EndGlobalSection
	GlobalSection(ProjectConfigurationPlatforms) = postSolution
		{2B5B8271-5236-4490-98EC-A457340EB66A}.Debug|Any CPU.ActiveCfg = Debug|Any CPU
		{2B5B8271-5236-4490-98EC-A457340EB66A}.Debug|Any CPU.Build.0 = Debug|Any CPU
		{2B5B8271-5236-4490-98EC-A457340EB66A}.Release|Any CPU.ActiveCfg = Release|Any CPU
		{2B5B8271-5236-4490-98EC-A457340EB66A}.Release|Any CPU.Build.0 = Release|Any CPU
		{2903C385-450D-4853-9396-2D9B6D40932F}.Debug|Any CPU.ActiveCfg = Debug|Any CPU
		{2903C385-450D-4853-9396-2D9B6D40932F}.Debug|Any CPU.Build.0 = Debug|Any CPU
		{2903C385-450D-4853-9396-2D9B6D40932F}.Release|Any CPU.ActiveCfg = Release|Any CPU
		{2903C385-450D-4853-9396-2D9B6D40932F}.Release|Any CPU.Build.0 = Release|Any CPU
		{258B23CB-4B10-4181-8FD1-FC9D7DD5C3D1}.Debug|Any CPU.ActiveCfg = Debug|Any CPU
		{258B23CB-4B10-4181-8FD1-FC9D7DD5C3D1}.Debug|Any CPU.Build.0 = Debug|Any CPU
		{258B23CB-4B10-4181-8FD1-FC9D7DD5C3D1}.Release|Any CPU.ActiveCfg = Release|Any CPU
		{258B23CB-4B10-4181-8FD1-FC9D7DD5C3D1}.Release|Any CPU.Build.0 = Release|Any CPU
		{A9A538F6-B23D-4B55-9763-109C9D27A62F}.Debug|Any CPU.ActiveCfg = Debug|Any CPU
		{A9A538F6-B23D-4B55-9763-109C9D27A62F}.Debug|Any CPU.Build.0 = Debug|Any CPU
		{A9A538F6-B23D-4B55-9763-109C9D27A62F}.Release|Any CPU.ActiveCfg = Release|Any CPU
		{A9A538F6-B23D-4B55-9763-109C9D27A62F}.Release|Any CPU.Build.0 = Release|Any CPU
		{B97FACA2-E274-4DA5-A985-9EAB5C57418B}.Debug|Any CPU.ActiveCfg = Debug|Any CPU
		{B97FACA2-E274-4DA5-A985-9EAB5C57418B}.Debug|Any CPU.Build.0 = Debug|Any CPU
		{B97FACA2-E274-4DA5-A985-9EAB5C57418B}.Release|Any CPU.ActiveCfg = Release|Any CPU
		{B97FACA2-E274-4DA5-A985-9EAB5C57418B}.Release|Any CPU.Build.0 = Release|Any CPU
		{AE0732F5-FDFB-4790-9344-F5FE83875393}.Debug|Any CPU.ActiveCfg = Debug|Any CPU
		{AE0732F5-FDFB-4790-9344-F5FE83875393}.Debug|Any CPU.Build.0 = Debug|Any CPU
		{AE0732F5-FDFB-4790-9344-F5FE83875393}.Release|Any CPU.ActiveCfg = Release|Any CPU
		{AE0732F5-FDFB-4790-9344-F5FE83875393}.Release|Any CPU.Build.0 = Release|Any CPU
		{DE9A6C0D-31D4-4EA4-948C-24D0AAA3C166}.Debug|Any CPU.ActiveCfg = Debug|Any CPU
		{DE9A6C0D-31D4-4EA4-948C-24D0AAA3C166}.Debug|Any CPU.Build.0 = Debug|Any CPU
		{DE9A6C0D-31D4-4EA4-948C-24D0AAA3C166}.Release|Any CPU.ActiveCfg = Release|Any CPU
		{DE9A6C0D-31D4-4EA4-948C-24D0AAA3C166}.Release|Any CPU.Build.0 = Release|Any CPU
		{10BFAA13-B836-4B37-B2D3-D4FEB3F3C484}.Debug|Any CPU.ActiveCfg = Debug|Any CPU
		{10BFAA13-B836-4B37-B2D3-D4FEB3F3C484}.Debug|Any CPU.Build.0 = Debug|Any CPU
		{10BFAA13-B836-4B37-B2D3-D4FEB3F3C484}.Release|Any CPU.ActiveCfg = Release|Any CPU
		{10BFAA13-B836-4B37-B2D3-D4FEB3F3C484}.Release|Any CPU.Build.0 = Release|Any CPU
		{D7A33F36-7448-4CE4-A963-38459DCB2FF8}.Debug|Any CPU.ActiveCfg = Debug|Any CPU
		{D7A33F36-7448-4CE4-A963-38459DCB2FF8}.Debug|Any CPU.Build.0 = Debug|Any CPU
		{D7A33F36-7448-4CE4-A963-38459DCB2FF8}.Release|Any CPU.ActiveCfg = Release|Any CPU
		{D7A33F36-7448-4CE4-A963-38459DCB2FF8}.Release|Any CPU.Build.0 = Release|Any CPU
	EndGlobalSection
	GlobalSection(SolutionProperties) = preSolution
		HideSolutionNode = FALSE
	EndGlobalSection
	GlobalSection(NestedProjects) = preSolution
		{2B5B8271-5236-4490-98EC-A457340EB66A} = {09ABE08D-5580-46BE-9F86-7B817D232F9D}
		{DE9A6C0D-31D4-4EA4-948C-24D0AAA3C166} = {3CA0A024-4EC2-4365-B555-030AAB559113}
		{2903C385-450D-4853-9396-2D9B6D40932F} = {7E07873F-9979-4957-B69B-4B5F5E7AC762}
		{258B23CB-4B10-4181-8FD1-FC9D7DD5C3D1} = {7E07873F-9979-4957-B69B-4B5F5E7AC762}
		{D7A33F36-7448-4CE4-A963-38459DCB2FF8} = {7E07873F-9979-4957-B69B-4B5F5E7AC762}
		{B97FACA2-E274-4DA5-A985-9EAB5C57418B} = {145DA206-9320-498C-992A-66907A374E89}
		{AE0732F5-FDFB-4790-9344-F5FE83875393} = {145DA206-9320-498C-992A-66907A374E89}
		{A9A538F6-B23D-4B55-9763-109C9D27A62F} = {145DA206-9320-498C-992A-66907A374E89}
		{10BFAA13-B836-4B37-B2D3-D4FEB3F3C484} = {2869439F-8A73-484A-A8EB-D746C7FBF85E}
	EndGlobalSection
EndGlobal
